
Microsoft Visual Studio Solution File, Format Version 12.00
# Visual Studio Version 16
VisualStudioVersion = 16.0.28803.156
MinimumVisualStudioVersion = 10.0.40219.1
Project("{00D1A9C2-B5F0-4AF3-8072-F6C62B433612}") = "Database", "Database\Database.sqlproj", "{4C849326-D8C7-49FB-BF0A-FEFCC3568F84}"
EndProject
Global
	GlobalSection(SolutionConfigurationPlatforms) = preSolution
		Debug|Any CPU = Debug|Any CPU
		Release|Any CPU = Release|Any CPU
	EndGlobalSection
	GlobalSection(ProjectConfigurationPlatforms) = postSolution
		{4C849326-D8C7-49FB-BF0A-FEFCC3568F84}.Debug|Any CPU.ActiveCfg = Debug|Any CPU
		{4C849326-D8C7-49FB-BF0A-FEFCC3568F84}.Debug|Any CPU.Build.0 = Debug|Any CPU
		{4C849326-D8C7-49FB-BF0A-FEFCC3568F84}.Debug|Any CPU.Deploy.0 = Debug|Any CPU
		{4C849326-D8C7-49FB-BF0A-FEFCC3568F84}.Release|Any CPU.ActiveCfg = Release|Any CPU
		{4C849326-D8C7-49FB-BF0A-FEFCC3568F84}.Release|Any CPU.Build.0 = Release|Any CPU
		{4C849326-D8C7-49FB-BF0A-FEFCC3568F84}.Release|Any CPU.Deploy.0 = Release|Any CPU
	EndGlobalSection
	GlobalSection(SolutionProperties) = preSolution
		HideSolutionNode = FALSE
	EndGlobalSection
	GlobalSection(ExtensibilityGlobals) = postSolution
		SolutionGuid = {1378F28F-64BA-4554-81D1-E87866DADB94}
	EndGlobalSection
EndGlobal
