
Microsoft Visual Studio Solution File, Format Version 12.00
# Visual Studio Version 16
VisualStudioVersion = 16.0.28803.156
MinimumVisualStudioVersion = 10.0.40219.1
Project("{00D1A9C2-B5F0-4AF3-8072-F6C62B433612}") = "Database_1_3", "Database_1_3\Database_1_3.sqlproj", "{BDC26CCE-94DE-4F25-B5CF-F1A4920B9E58}"
EndProject
Global
	GlobalSection(SolutionConfigurationPlatforms) = preSolution
		Debug|Any CPU = Debug|Any CPU
		Release|Any CPU = Release|Any CPU
	EndGlobalSection
	GlobalSection(ProjectConfigurationPlatforms) = postSolution
		{BDC26CCE-94DE-4F25-B5CF-F1A4920B9E58}.Debug|Any CPU.ActiveCfg = Debug|Any CPU
		{BDC26CCE-94DE-4F25-B5CF-F1A4920B9E58}.Debug|Any CPU.Build.0 = Debug|Any CPU
		{BDC26CCE-94DE-4F25-B5CF-F1A4920B9E58}.Debug|Any CPU.Deploy.0 = Debug|Any CPU
		{BDC26CCE-94DE-4F25-B5CF-F1A4920B9E58}.Release|Any CPU.ActiveCfg = Release|Any CPU
		{BDC26CCE-94DE-4F25-B5CF-F1A4920B9E58}.Release|Any CPU.Build.0 = Release|Any CPU
		{BDC26CCE-94DE-4F25-B5CF-F1A4920B9E58}.Release|Any CPU.Deploy.0 = Release|Any CPU
	EndGlobalSection
	GlobalSection(SolutionProperties) = preSolution
		HideSolutionNode = FALSE
	EndGlobalSection
	GlobalSection(ExtensibilityGlobals) = postSolution
		SolutionGuid = {3CB59336-59ED-4C3A-A02C-AD4FE034DE27}
	EndGlobalSection
EndGlobal
